
Microsoft Visual Studio Solution File, Format Version 12.00
# Visual Studio Version 17
VisualStudioVersion = 17.5.002.0
MinimumVisualStudioVersion = 10.0.40219.1
Project("{9A19103F-16F7-4668-BE54-9A1E7A4F7556}") = "Check-If-Two-String-Arrays-are-Equivalent", "Check-If-Two-String-Arrays-are-Equivalent.csproj", "{1B4F8622-0FBA-440A-89B1-C08AF055F620}"
EndProject
Global
	GlobalSection(SolutionConfigurationPlatforms) = preSolution
		Debug|Any CPU = Debug|Any CPU
		Release|Any CPU = Release|Any CPU
	EndGlobalSection
	GlobalSection(ProjectConfigurationPlatforms) = postSolution
		{1B4F8622-0FBA-440A-89B1-C08AF055F620}.Debug|Any CPU.ActiveCfg = Debug|Any CPU
		{1B4F8622-0FBA-440A-89B1-C08AF055F620}.Debug|Any CPU.Build.0 = Debug|Any CPU
		{1B4F8622-0FBA-440A-89B1-C08AF055F620}.Release|Any CPU.ActiveCfg = Release|Any CPU
		{1B4F8622-0FBA-440A-89B1-C08AF055F620}.Release|Any CPU.Build.0 = Release|Any CPU
	EndGlobalSection
	GlobalSection(SolutionProperties) = preSolution
		HideSolutionNode = FALSE
	EndGlobalSection
	GlobalSection(ExtensibilityGlobals) = postSolution
		SolutionGuid = {712CDC55-68ED-46B0-BCBD-69A007FE0770}
	EndGlobalSection
EndGlobal
